{
  "name": "nodejs-app",
  "version": "1.0.0",
  "lockfileVersion": 1,
  "requires": true,
  "dependencies": {
    "@open-policy-agent/opa-wasm": {
      "version": "0.0.1",
      "resolved": "https://registry.npmjs.org/@open-policy-agent/opa-wasm/-/opa-wasm-0.0.1.tgz",
      "integrity": "sha512-B7EYDS772A6ZZQ0GsV5gZd+dKWTe9GvrRL361RrxxeUleooAb5RBLjdBRgWu3bCqo8AbFcOaje36JhKybXJaOw=="
    }
  }
}
